
Microsoft Visual Studio Solution File, Format Version 12.00
# Visual Studio Version 17
VisualStudioVersion = 17.0.31912.275
MinimumVisualStudioVersion = 10.0.40219.1
Project("{FAE04EC0-301F-11D3-BF4B-00C04F79EFBC}") = "DotNetCrud", "DotNetCrud\DotNetCrud.csproj", "{C2866FF4-56EB-4F15-9DD9-42F6ED66466A}"
EndProject
Project("{FAE04EC0-301F-11D3-BF4B-00C04F79EFBC}") = "DotNetCrud.core", "DotNetCrud.core\DotNetCrud.core.csproj", "{3B930E25-F92E-4C1B-BC4C-23F5134BBD4C}"
EndProject
Project("{FAE04EC0-301F-11D3-BF4B-00C04F79EFBC}") = "DotNetCrud.EF", "DotNetCrud.EF\DotNetCrud.EF.csproj", "{14237E44-40CF-4A7F-BD78-8F2A18660270}"
EndProject
Global
	GlobalSection(SolutionConfigurationPlatforms) = preSolution
		Debug|Any CPU = Debug|Any CPU
		Release|Any CPU = Release|Any CPU
	EndGlobalSection
	GlobalSection(ProjectConfigurationPlatforms) = postSolution
		{C2866FF4-56EB-4F15-9DD9-42F6ED66466A}.Debug|Any CPU.ActiveCfg = Debug|Any CPU
		{C2866FF4-56EB-4F15-9DD9-42F6ED66466A}.Debug|Any CPU.Build.0 = Debug|Any CPU
		{C2866FF4-56EB-4F15-9DD9-42F6ED66466A}.Release|Any CPU.ActiveCfg = Release|Any CPU
		{C2866FF4-56EB-4F15-9DD9-42F6ED66466A}.Release|Any CPU.Build.0 = Release|Any CPU
		{3B930E25-F92E-4C1B-BC4C-23F5134BBD4C}.Debug|Any CPU.ActiveCfg = Debug|Any CPU
		{3B930E25-F92E-4C1B-BC4C-23F5134BBD4C}.Debug|Any CPU.Build.0 = Debug|Any CPU
		{3B930E25-F92E-4C1B-BC4C-23F5134BBD4C}.Release|Any CPU.ActiveCfg = Release|Any CPU
		{3B930E25-F92E-4C1B-BC4C-23F5134BBD4C}.Release|Any CPU.Build.0 = Release|Any CPU
		{14237E44-40CF-4A7F-BD78-8F2A18660270}.Debug|Any CPU.ActiveCfg = Debug|Any CPU
		{14237E44-40CF-4A7F-BD78-8F2A18660270}.Debug|Any CPU.Build.0 = Debug|Any CPU
		{14237E44-40CF-4A7F-BD78-8F2A18660270}.Release|Any CPU.ActiveCfg = Release|Any CPU
		{14237E44-40CF-4A7F-BD78-8F2A18660270}.Release|Any CPU.Build.0 = Release|Any CPU
	EndGlobalSection
	GlobalSection(SolutionProperties) = preSolution
		HideSolutionNode = FALSE
	EndGlobalSection
	GlobalSection(ExtensibilityGlobals) = postSolution
		SolutionGuid = {80253EC3-C489-406F-8E6B-503B9D040795}
	EndGlobalSection
EndGlobal
